version: 6
environments:
  default:
    channels:
    - url: https://prefix.dev/conda-forge/
    packages:
      linux-64:
      - conda: https://prefix.dev/conda-forge/linux-64/_libgcc_mutex-0.1-conda_forge.tar.bz2
      - conda: https://prefix.dev/conda-forge/linux-64/_openmp_mutex-4.5-2_gnu.tar.bz2
      - conda: https://prefix.dev/conda-forge/noarch/ca-certificates-2025.1.31-hbd8a1cb_1.conda
      - conda: https://prefix.dev/conda-forge/linux-64/libgcc-14.2.0-h767d61c_2.conda
      - conda: https://prefix.dev/conda-forge/linux-64/libgomp-14.2.0-h767d61c_2.conda
      - conda: https://prefix.dev/conda-forge/linux-64/oniguruma-6.9.10-hb9d3cd8_0.conda
      - conda: https://prefix.dev/conda-forge/linux-64/openssl-3.5.0-h7b32b05_0.conda
      - conda: https://prefix.dev/conda-forge/linux-64/zola-0.20.0-h159367c_0.conda
packages:
- conda: https://prefix.dev/conda-forge/linux-64/_libgcc_mutex-0.1-conda_forge.tar.bz2
  sha256: fe51de6107f9edc7aa4f786a70f4a883943bc9d39b3bb7307c04c41410990726
  md5: d7c89558ba9fa0495403155b64376d81
  license: None
  size: 2562
  timestamp: 1578324546067
- conda: https://prefix.dev/conda-forge/linux-64/_openmp_mutex-4.5-2_gnu.tar.bz2
  build_number: 16
  sha256: fbe2c5e56a653bebb982eda4876a9178aedfc2b545f25d0ce9c4c0b508253d22
  md5: 73aaf86a425cc6e73fcf236a5a46396d
  depends:
  - _libgcc_mutex 0.1 conda_forge
  - libgomp >=7.5.0
  constrains:
  - openmp_impl 9999
  license: BSD-3-Clause
  license_family: BSD
  size: 23621
  timestamp: 1650670423406
- conda: https://prefix.dev/conda-forge/noarch/ca-certificates-2025.1.31-hbd8a1cb_1.conda
  sha256: 43878eddf8eb46e3ba7fcbe77a2f8d00aab9a66d9ff63bc4d072b7af17481197
  md5: e74273d9fc5ab633d613cde474b55157
  depends:
  - __unix
  license: ISC
  size: 158834
  timestamp: 1745260472197
- conda: https://prefix.dev/conda-forge/linux-64/libgcc-14.2.0-h767d61c_2.conda
  sha256: 3a572d031cb86deb541d15c1875aaa097baefc0c580b54dc61f5edab99215792
  md5: ef504d1acbd74b7cc6849ef8af47dd03
  depends:
  - __glibc >=2.17,<3.0.a0
  - _openmp_mutex >=4.5
  constrains:
  - libgomp 14.2.0 h767d61c_2
  - libgcc-ng ==14.2.0=*_2
  license: GPL-3.0-only WITH GCC-exception-3.1
  license_family: GPL
  size: 847885
  timestamp: 1740240653082
- conda: https://prefix.dev/conda-forge/linux-64/libgomp-14.2.0-h767d61c_2.conda
  sha256: 1a3130e0b9267e781b89399580f3163632d59fe5b0142900d63052ab1a53490e
  md5: 06d02030237f4d5b3d9a7e7d348fe3c6
  depends:
  - __glibc >=2.17,<3.0.a0
  license: GPL-3.0-only WITH GCC-exception-3.1
  license_family: GPL
  size: 459862
  timestamp: 1740240588123
- conda: https://prefix.dev/conda-forge/linux-64/oniguruma-6.9.10-hb9d3cd8_0.conda
  sha256: bbff8a60f70d5ebab138b564554f28258472e1e63178614562d4feee29d10da2
  md5: 6ce853cb231f18576d2db5c2d4cb473e
  depends:
  - __glibc >=2.17,<3.0.a0
  - libgcc >=13
  license: BSD-2-Clause
  license_family: BSD
  size: 248670
  timestamp: 1735727084819
- conda: https://prefix.dev/conda-forge/linux-64/openssl-3.5.0-h7b32b05_0.conda
  sha256: 38285d280f84f1755b7c54baf17eccf2e3e696287954ce0adca16546b85ee62c
  md5: bb539841f2a3fde210f387d00ed4bb9d
  depends:
  - __glibc >=2.17,<3.0.a0
  - ca-certificates
  - libgcc >=13
  license: Apache-2.0
  license_family: Apache
  size: 3121673
  timestamp: 1744132167438
- conda: https://prefix.dev/conda-forge/linux-64/zola-0.20.0-h159367c_0.conda
  sha256: a8d0952b58dd2c4ac200b543e923a7dcc6b5ccd1f28ecd0fcfadd28a6e66391c
  md5: b75f493382edaadb0053c2e84cf84d71
  depends:
  - libgcc >=13
  - __glibc >=2.17,<3.0.a0
  - oniguruma >=6.9.10,<6.10.0a0
  - openssl >=3.4.1,<4.0a0
  constrains:
  - __glibc >=2.17
  license: MIT
  license_family: MIT
  size: 10575389
  timestamp: 1739594656133
